openapi: 3.0.2

info:
  title: Eclipse Kapua REST API - Credential
  version: '1.0'
  contact:
    name: Eclipse Kapua Dev Team
    url: https://eclipse.org/kapua
    email: kapua-dev@eclipse.org
  license:
    name: Eclipse Public License 2.0
    url: https://www.eclipse.org/legal/epl-2.0

paths:
  /{scopeId}/credentials/{credentialId}/unlock:
    post:
      tags:
        - Credential
      summary: Unlock a Credential
      operationId: credentialUnlock
      parameters:
        - $ref: '../openapi.yaml#/components/parameters/scopeId'
        - $ref: './credential.yaml#/components/parameters/credentialId'
      responses:
        200:
          description: The Credential has been unlocked
          content:
            application/json:
              schema:
                $ref: './credential.yaml#/components/schemas/credential'
        401:
          $ref: '../openapi.yaml#/components/responses/unauthenticated'
        403:
          $ref: '../openapi.yaml#/components/responses/subjectUnauthorized'
        404:
          $ref: '../openapi.yaml#/components/responses/entityNotFound'
        500:
          $ref: '../openapi.yaml#/components/responses/kapuaError'
